
Microsoft Visual Studio Solution File, Format Version 12.00
# Visual Studio 15
VisualStudioVersion = 15.0.27130.2027
MinimumVisualStudioVersion = 10.0.40219.1
Project("{F184B08F-C81C-45F6-A57F-5ABD9991F28F}") = "DotNet.FileDownloader", "DotNet.FileDownloader.vbproj", "{4E737291-B07B-420D-87F3-6599B0D457D3}"
EndProject
Global
	GlobalSection(SolutionConfigurationPlatforms) = preSolution
		Debug|Any CPU = Debug|Any CPU
		Release|Any CPU = Release|Any CPU
	EndGlobalSection
	GlobalSection(ProjectConfigurationPlatforms) = postSolution
		{4E737291-B07B-420D-87F3-6599B0D457D3}.Debug|Any CPU.ActiveCfg = Debug|Any CPU
		{4E737291-B07B-420D-87F3-6599B0D457D3}.Debug|Any CPU.Build.0 = Debug|Any CPU
		{4E737291-B07B-420D-87F3-6599B0D457D3}.Release|Any CPU.ActiveCfg = Release|Any CPU
		{4E737291-B07B-420D-87F3-6599B0D457D3}.Release|Any CPU.Build.0 = Release|Any CPU
	EndGlobalSection
	GlobalSection(SolutionProperties) = preSolution
		HideSolutionNode = FALSE
	EndGlobalSection
	GlobalSection(ExtensibilityGlobals) = postSolution
		SolutionGuid = {D42BD528-6152-4BE1-BC89-F837D2F9DC1F}
	EndGlobalSection
EndGlobal
